PODS:
  - Scenario/Core (0.0.1-beta1)
  - Scenario/UberOAuth (0.0.1-beta1):
    - Scenario/Core
    - UberKit
  - UberKit (0.2)

DEPENDENCIES:
  - Scenario/UberOAuth (= 0.0.1-beta1)

SPEC CHECKSUMS:
  Scenario: 22cbbee1d7e9ca505ccbce880276b6e2e09744b7
  UberKit: 3c4767f8c2b317be450c3de48acbe6b632306004

PODFILE CHECKSUM: e5bbbc1960fb4c2d729104287dadec21b5acc32f

COCOAPODS: 1.0.0
