PODS:
  - Scenario/Core (0.0.1-beta)
  - Scenario/UberOAuth (0.0.1-beta):
    - Scenario/Core
    - UberKit
  - UberKit (0.2)

DEPENDENCIES:
  - Scenario/UberOAuth (from `../Scenario.podspec`)

EXTERNAL SOURCES:
  Scenario:
    :path: ../Scenario.podspec

SPEC CHECKSUMS:
  Scenario: 8c5f5f4d5aea43f7de9018e75c7c4adbe21e4af9
  UberKit: 3c4767f8c2b317be450c3de48acbe6b632306004

PODFILE CHECKSUM: 4dd217c911134e7b027b3f52e592afa4b0015285

COCOAPODS: 1.0.0
